
Microsoft Visual Studio Solution File, Format Version 11.00
# Visual Studio Version 17

Project("{8BC9CEB8-8B4A-11D0-8D11-00A0C91BC942}") = "ampl - Standalone Plugin", "ampl_StandalonePlugin.vcxproj", "{0BC3C400-ED0B-9FFA-FDE5-768ACADDF9AA}"
	ProjectSection(ProjectDependencies) = postProject
		{33FCF073-D5C8-278A-2794-6AAA88EDA577} = {33FCF073-D5C8-278A-2794-6AAA88EDA577}
	EndProjectSection
EndProject
Project("{8BC9CEB8-8B4A-11D0-8D11-00A0C91BC942}") = "ampl - VST3", "ampl_VST3.vcxproj", "{9F45C0C2-5C76-EF91-0658-393581FA6711}"
	ProjectSection(ProjectDependencies) = postProject
		{33FCF073-D5C8-278A-2794-6AAA88EDA577} = {33FCF073-D5C8-278A-2794-6AAA88EDA577}
		{A1FC1E33-3FF6-7574-D69E-47C9153856D2} = {A1FC1E33-3FF6-7574-D69E-47C9153856D2}
	EndProjectSection
EndProject
Project("{8BC9CEB8-8B4A-11D0-8D11-00A0C91BC942}") = "ampl - Shared Code", "ampl_SharedCode.vcxproj", "{33FCF073-D5C8-278A-2794-6AAA88EDA577}"
EndProject
Project("{8BC9CEB8-8B4A-11D0-8D11-00A0C91BC942}") = "ampl - VST3 Manifest Helper", "ampl_VST3ManifestHelper.vcxproj", "{A1FC1E33-3FF6-7574-D69E-47C9153856D2}"
EndProject
Global
	GlobalSection(SolutionConfigurationPlatforms) = preSolution
		Debug|x64 = Debug|x64
		Release|x64 = Release|x64
	EndGlobalSection
	GlobalSection(ProjectConfigurationPlatforms) = postSolution
		{9F45C0C2-5C76-EF91-0658-393581FA6711}.Debug|x64.ActiveCfg = Debug|x64
		{9F45C0C2-5C76-EF91-0658-393581FA6711}.Debug|x64.Build.0 = Debug|x64
		{9F45C0C2-5C76-EF91-0658-393581FA6711}.Release|x64.ActiveCfg = Release|x64
		{9F45C0C2-5C76-EF91-0658-393581FA6711}.Release|x64.Build.0 = Release|x64
		{0BC3C400-ED0B-9FFA-FDE5-768ACADDF9AA}.Debug|x64.ActiveCfg = Debug|x64
		{0BC3C400-ED0B-9FFA-FDE5-768ACADDF9AA}.Debug|x64.Build.0 = Debug|x64
		{0BC3C400-ED0B-9FFA-FDE5-768ACADDF9AA}.Release|x64.ActiveCfg = Release|x64
		{0BC3C400-ED0B-9FFA-FDE5-768ACADDF9AA}.Release|x64.Build.0 = Release|x64
		{33FCF073-D5C8-278A-2794-6AAA88EDA577}.Debug|x64.ActiveCfg = Debug|x64
		{33FCF073-D5C8-278A-2794-6AAA88EDA577}.Debug|x64.Build.0 = Debug|x64
		{33FCF073-D5C8-278A-2794-6AAA88EDA577}.Release|x64.ActiveCfg = Release|x64
		{33FCF073-D5C8-278A-2794-6AAA88EDA577}.Release|x64.Build.0 = Release|x64
		{A1FC1E33-3FF6-7574-D69E-47C9153856D2}.Debug|x64.ActiveCfg = Debug|x64
		{A1FC1E33-3FF6-7574-D69E-47C9153856D2}.Debug|x64.Build.0 = Debug|x64
		{A1FC1E33-3FF6-7574-D69E-47C9153856D2}.Release|x64.ActiveCfg = Release|x64
		{A1FC1E33-3FF6-7574-D69E-47C9153856D2}.Release|x64.Build.0 = Release|x64
	EndGlobalSection
	GlobalSection(SolutionProperties) = preSolution
		HideSolutionNode = FALSE
	EndGlobalSection
EndGlobal
